
Microsoft Visual Studio Solution File, Format Version 12.00
# Visual Studio Version 16
VisualStudioVersion = 16.0.29009.5
MinimumVisualStudioVersion = 10.0.40219.1
Project("{FAE04EC0-301F-11D3-BF4B-00C04F79EFBC}") = "Translation", "Translation\Translation.csproj", "{BA4474A9-B09A-4217-8C2F-2BF68BDD78F3}"
EndProject
Global
	GlobalSection(SolutionConfigurationPlatforms) = preSolution
		Debug|Any CPU = Debug|Any CPU
		Release|Any CPU = Release|Any CPU
	EndGlobalSection
	GlobalSection(ProjectConfigurationPlatforms) = postSolution
		{BA4474A9-B09A-4217-8C2F-2BF68BDD78F3}.Debug|Any CPU.ActiveCfg = Debug|Any CPU
		{BA4474A9-B09A-4217-8C2F-2BF68BDD78F3}.Debug|Any CPU.Build.0 = Debug|Any CPU
		{BA4474A9-B09A-4217-8C2F-2BF68BDD78F3}.Release|Any CPU.ActiveCfg = Release|Any CPU
		{BA4474A9-B09A-4217-8C2F-2BF68BDD78F3}.Release|Any CPU.Build.0 = Release|Any CPU
	EndGlobalSection
	GlobalSection(SolutionProperties) = preSolution
		HideSolutionNode = FALSE
	EndGlobalSection
	GlobalSection(ExtensibilityGlobals) = postSolution
		SolutionGuid = {C318CE33-EA10-47F0-9EB3-98544BE87A2C}
	EndGlobalSection
EndGlobal
