
Microsoft Visual Studio Solution File, Format Version 12.00
# Visual Studio 15
VisualStudioVersion = 15.0.26430.6
MinimumVisualStudioVersion = 10.0.40219.1
Project("{FAE04EC0-301F-11D3-BF4B-00C04F79EFBC}") = "TranslateCN", "TranslateCN\TranslateCN.csproj", "{E3B489E6-4873-4BDB-83D6-7DCF3DC74514}"
EndProject
Project("{FAE04EC0-301F-11D3-BF4B-00C04F79EFBC}") = "LadiesAndGentleman", "LadiesAndGentleman\LadiesAndGentleman.csproj", "{ECFD6EB5-5183-478F-AE7E-C099E2683AD2}"
EndProject
Global
	GlobalSection(SolutionConfigurationPlatforms) = preSolution
		Debug|Any CPU = Debug|Any CPU
		Release|Any CPU = Release|Any CPU
	EndGlobalSection
	GlobalSection(ProjectConfigurationPlatforms) = postSolution
		{E3B489E6-4873-4BDB-83D6-7DCF3DC74514}.Debug|Any CPU.ActiveCfg = Debug|Any CPU
		{E3B489E6-4873-4BDB-83D6-7DCF3DC74514}.Debug|Any CPU.Build.0 = Debug|Any CPU
		{E3B489E6-4873-4BDB-83D6-7DCF3DC74514}.Release|Any CPU.ActiveCfg = Release|Any CPU
		{E3B489E6-4873-4BDB-83D6-7DCF3DC74514}.Release|Any CPU.Build.0 = Release|Any CPU
		{ECFD6EB5-5183-478F-AE7E-C099E2683AD2}.Debug|Any CPU.ActiveCfg = Debug|Any CPU
		{ECFD6EB5-5183-478F-AE7E-C099E2683AD2}.Debug|Any CPU.Build.0 = Debug|Any CPU
		{ECFD6EB5-5183-478F-AE7E-C099E2683AD2}.Release|Any CPU.ActiveCfg = Release|Any CPU
		{ECFD6EB5-5183-478F-AE7E-C099E2683AD2}.Release|Any CPU.Build.0 = Release|Any CPU
	EndGlobalSection
	GlobalSection(SolutionProperties) = preSolution
		HideSolutionNode = FALSE
	EndGlobalSection
	GlobalSection(ExtensibilityGlobals) = postSolution
		SolutionGuid = {A635BA53-9162-4DE8-8762-9C3F0B1D1BE1}
	EndGlobalSection
EndGlobal
